<?xml version="1.0" encoding="utf-8"?>
<Project ToolsVersion="4.0" xmlns="http://schemas.microsoft.com/developer/msbuild/2003">
  <ItemGroup>
    <Filter Include="Source Files">
      <UniqueIdentifier>{4FC737F1-C7A5-4376-A066-2A32D752A2FF}</UniqueIdentifier>
      <Extensions>cpp;c;cc;cxx;def;odl;idl;hpj;bat;asm;asmx</Extensions>
    </Filter>
    <Filter Include="Header Files">
      <UniqueIdentifier>{93995380-89BD-4b04-88EB-625FBE52EBFB}</UniqueIdentifier>
      <Extensions>h;hh;hpp;hxx;hm;inl;inc;xsd</Extensions>
    </Filter>
    <Filter Include="Resource Files">
      <UniqueIdentifier>{67DA6AB6-F800-4c08-8B7A-83BB121AAD01}</UniqueIdentifier>
      <Extensions>rc;ico;cur;bmp;dlg;rc2;rct;bin;rgs;gif;jpg;jpeg;jpe;resx;tiff;tif;png;wav;mfcribbon-ms</Extensions>
    </Filter>
    <Filter Include="Header Files\GroundWork">
      <UniqueIdentifier>{d5c4be6c-d01d-4604-86d1-95673db26b6c}</UniqueIdentifier>
    </Filter>
    <Filter Include="Header Files\States">
      <UniqueIdentifier>{2dff7c5f-bd16-45dd-8b78-6d2f250852c6}</UniqueIdentifier>
    </Filter>
    <Filter Include="Source Files\States">
      <UniqueIdentifier>{d14debf0-a08d-4b88-b467-2b2ba09c7ae6}</UniqueIdentifier>
    </Filter>
    <Filter Include="Source Files\GroundWork">
      <UniqueIdentifier>{7f0e1979-1853-4fd1-885d-5572187f4d64}</UniqueIdentifier>
    </Filter>
    <Filter Include="Header Files\WorldGeneration">
      <UniqueIdentifier>{f8f7293f-7414-4fb0-9245-dc39acc43cee}</UniqueIdentifier>
    </Filter>
    <Filter Include="Source Files\WorldGeneration">
      <UniqueIdentifier>{0d8c4279-9380-46f1-8d36-66be7bdf1c8e}</UniqueIdentifier>
    </Filter>
    <Filter Include="Header Files\Objects">
      <UniqueIdentifier>{7d2cb64d-f627-41c3-bd29-7b4b1ac74237}</UniqueIdentifier>
    </Filter>
    <Filter Include="Source Files\Objects">
      <UniqueIdentifier>{674c607c-e2af-498e-866d-1a0cb2465ead}</UniqueIdentifier>
    </Filter>
  </ItemGroup>
  <ItemGroup>
    <ClCompile Include="GameState.cpp">
      <Filter>Source Files\States</Filter>
    </ClCompile>
    <ClCompile Include="State.cpp">
      <Filter>Source Files\States</Filter>
    </ClCompile>
    <ClCompile Include="MenuState.cpp">
      <Filter>Source Files\States</Filter>
    </ClCompile>
    <ClCompile Include="StateHandler.cpp">
      <Filter>Source Files\States</Filter>
    </ClCompile>
    <ClCompile Include="main.cpp">
      <Filter>Source Files\GroundWork</Filter>
    </ClCompile>
    <ClCompile Include="Entity.cpp">
      <Filter>Source Files\GroundWork</Filter>
    </ClCompile>
    <ClCompile Include="Game.cpp">
      <Filter>Source Files\GroundWork</Filter>
    </ClCompile>
    <ClCompile Include="TextureHandler.cpp">
      <Filter>Source Files\GroundWork</Filter>
    </ClCompile>
    <ClCompile Include="Chunk.cpp">
      <Filter>Source Files\WorldGeneration</Filter>
    </ClCompile>
    <ClCompile Include="ActiveObject.cpp">
      <Filter>Source Files\GroundWork</Filter>
    </ClCompile>
    <ClCompile Include="ChunkHandler.cpp">
      <Filter>Source Files</Filter>
    </ClCompile>
  </ItemGroup>
  <ItemGroup>
    <ClInclude Include="Entity.h">
      <Filter>Header Files\GroundWork</Filter>
    </ClInclude>
    <ClInclude Include="GameState.h">
      <Filter>Header Files\States</Filter>
    </ClInclude>
    <ClInclude Include="State.h">
      <Filter>Header Files\States</Filter>
    </ClInclude>
    <ClInclude Include="MenuState.h">
      <Filter>Header Files\States</Filter>
    </ClInclude>
    <ClInclude Include="TextureHandler.h">
      <Filter>Header Files\GroundWork</Filter>
    </ClInclude>
    <ClInclude Include="Game.h">
      <Filter>Header Files\GroundWork</Filter>
    </ClInclude>
    <ClInclude Include="Chunk.h">
      <Filter>Header Files\WorldGeneration</Filter>
    </ClInclude>
    <ClInclude Include="ActiveObject.h">
      <Filter>Header Files\GroundWork</Filter>
    </ClInclude>
    <ClInclude Include="StateHandler.h">
      <Filter>Header Files\States</Filter>
    </ClInclude>
    <ClInclude Include="ChunkHandler.h">
      <Filter>Header Files</Filter>
    </ClInclude>
  </ItemGroup>
  <ItemGroup>
    <Image Include="Resources\terrain.png">
      <Filter>Resource Files</Filter>
    </Image>
  </ItemGroup>
</Project>